
Microsoft Visual Studio Solution File, Format Version 12.00
# Visual Studio Version 17
VisualStudioVersion = 17.13.35931.197 d17.13
MinimumVisualStudioVersion = 10.0.40219.1
Project("{FAE04EC0-301F-11D3-BF4B-00C04F79EFBC}") = "PubQuizMediaServer", "PubQuizMediaServer.csproj", "{BA8EF389-DFF9-4841-B7D1-33A2DFE88AAF}"
EndProject
Global
	GlobalSection(SolutionConfigurationPlatforms) = preSolution
		Debug|Any CPU = Debug|Any CPU
		Release|Any CPU = Release|Any CPU
	EndGlobalSection
	GlobalSection(ProjectConfigurationPlatforms) = postSolution
		{BA8EF389-DFF9-4841-B7D1-33A2DFE88AAF}.Debug|Any CPU.ActiveCfg = Debug|Any CPU
		{BA8EF389-DFF9-4841-B7D1-33A2DFE88AAF}.Debug|Any CPU.Build.0 = Debug|Any CPU
		{BA8EF389-DFF9-4841-B7D1-33A2DFE88AAF}.Release|Any CPU.ActiveCfg = Release|Any CPU
		{BA8EF389-DFF9-4841-B7D1-33A2DFE88AAF}.Release|Any CPU.Build.0 = Release|Any CPU
	EndGlobalSection
	GlobalSection(SolutionProperties) = preSolution
		HideSolutionNode = FALSE
	EndGlobalSection
	GlobalSection(ExtensibilityGlobals) = postSolution
		SolutionGuid = {B1D15B3C-8024-4368-9CF2-E4136630677E}
	EndGlobalSection
EndGlobal
